<?xml version="1.0" encoding="utf-8"?>
<Project ToolsVersion="4.0" xmlns="http://schemas.microsoft.com/developer/msbuild/2003">
  <ItemGroup>
    <Filter Include="Archivos de origen">
      <UniqueIdentifier>{4FC737F1-C7A5-4376-A066-2A32D752A2FF}</UniqueIdentifier>
      <Extensions>cpp;c;cc;cxx;c++;cppm;ixx;def;odl;idl;hpj;bat;asm;asmx</Extensions>
    </Filter>
    <Filter Include="Archivos de encabezado">
      <UniqueIdentifier>{93995380-89BD-4b04-88EB-625FBE52EBFB}</UniqueIdentifier>
      <Extensions>h;hh;hpp;hxx;h++;hm;inl;inc;ipp;xsd</Extensions>
    </Filter>
    <Filter Include="Archivos de recursos">
      <UniqueIdentifier>{67DA6AB6-F800-4c08-8B7A-83BB121AAD01}</UniqueIdentifier>
      <Extensions>rc;ico;cur;bmp;dlg;rc2;rct;bin;rgs;gif;jpg;jpeg;jpe;resx;tiff;tif;png;wav;mfcribbon-ms</Extensions>
    </Filter>
    <Filter Include="Archivos de origen\Cola">
      <UniqueIdentifier>{aa56a9c5-1bf5-402a-9935-e51fcd241ae7}</UniqueIdentifier>
    </Filter>
    <Filter Include="Archivos de origen\Utilidades">
      <UniqueIdentifier>{dd7a93d2-64e8-4729-af7e-001dd77b07f4}</UniqueIdentifier>
    </Filter>
    <Filter Include="Archivos de origen\Pila">
      <UniqueIdentifier>{c5e71f83-f1a5-40e2-a779-f5b5be657edf}</UniqueIdentifier>
    </Filter>
    <Filter Include="Archivos de origen\LDE">
      <UniqueIdentifier>{433111d0-58b2-44c9-8f0b-547a7f844798}</UniqueIdentifier>
    </Filter>
    <Filter Include="Archivos de origen\LEC">
      <UniqueIdentifier>{d6a58b5c-2335-4a73-9cfe-42ad58297483}</UniqueIdentifier>
    </Filter>
  </ItemGroup>
  <ItemGroup>
    <ClCompile Include="ProyectoProgra.cpp">
      <Filter>Archivos de origen</Filter>
    </ClCompile>
    <ClCompile Include="Arreglos.cpp">
      <Filter>Archivos de origen\Cola</Filter>
    </ClCompile>
    <ClCompile Include="PagoMensualidad.cpp">
      <Filter>Archivos de origen\Cola</Filter>
    </ClCompile>
    <ClCompile Include="Utilidades.cpp">
      <Filter>Archivos de origen\Utilidades</Filter>
    </ClCompile>
    <ClCompile Include="nuevoIngreso.cpp">
      <Filter>Archivos de origen\Pila</Filter>
    </ClCompile>
    <ClCompile Include="ListaDE.cpp">
      <Filter>Archivos de origen\LDE</Filter>
    </ClCompile>
    <ClCompile Include="NotaFinal.cpp">
      <Filter>Archivos de origen\LEC</Filter>
    </ClCompile>
  </ItemGroup>
  <ItemGroup>
    <ClInclude Include="Arreglos.h">
      <Filter>Archivos de origen\Cola</Filter>
    </ClInclude>
    <ClInclude Include="PagoMensualidad.h">
      <Filter>Archivos de origen\Cola</Filter>
    </ClInclude>
    <ClInclude Include="Utilidades.h">
      <Filter>Archivos de origen\Utilidades</Filter>
    </ClInclude>
    <ClInclude Include="rlutil.h">
      <Filter>Archivos de origen\Pila</Filter>
    </ClInclude>
    <ClInclude Include="nuevoIngreso.h">
      <Filter>Archivos de origen\Pila</Filter>
    </ClInclude>
    <ClInclude Include="ListaDE.h">
      <Filter>Archivos de origen\LDE</Filter>
    </ClInclude>
    <ClInclude Include="NotaFinal.h">
      <Filter>Archivos de origen\LEC</Filter>
    </ClInclude>
  </ItemGroup>
</Project>